
Microsoft Visual Studio Solution File, Format Version 12.00
# Visual Studio Version 16
VisualStudioVersion = 16.0.31025.194
MinimumVisualStudioVersion = 10.0.40219.1
Project("{FAE04EC0-301F-11D3-BF4B-00C04F79EFBC}") = "PeopleApp", "PeopleApp\PeopleApp.csproj", "{6A318E8C-B52B-476F-98FD-03711A43ED50}"
EndProject
Global
	GlobalSection(SolutionConfigurationPlatforms) = preSolution
		Debug|Any CPU = Debug|Any CPU
		Release|Any CPU = Release|Any CPU
	EndGlobalSection
	GlobalSection(ProjectConfigurationPlatforms) = postSolution
		{6A318E8C-B52B-476F-98FD-03711A43ED50}.Debug|Any CPU.ActiveCfg = Debug|Any CPU
		{6A318E8C-B52B-476F-98FD-03711A43ED50}.Debug|Any CPU.Build.0 = Debug|Any CPU
		{6A318E8C-B52B-476F-98FD-03711A43ED50}.Release|Any CPU.ActiveCfg = Release|Any CPU
		{6A318E8C-B52B-476F-98FD-03711A43ED50}.Release|Any CPU.Build.0 = Release|Any CPU
	EndGlobalSection
	GlobalSection(SolutionProperties) = preSolution
		HideSolutionNode = FALSE
	EndGlobalSection
	GlobalSection(ExtensibilityGlobals) = postSolution
		SolutionGuid = {B22B31B7-FFA0-4D0E-B7BF-B7E73C5263B6}
	EndGlobalSection
EndGlobal
